{
    "requires": true,
    "lockfileVersion": 1,
    "dependencies": {
        "ckeditor-full": {
            "version": "4.7.3",
            "resolved": "https://registry.npmjs.org/ckeditor-full/-/ckeditor-full-4.7.3.tgz",
            "integrity": "sha1-8vJ3dFVJYGlhh/1IGq9NkPQCn8Y="
        }
    }
}
